
Microsoft Visual Studio Solution File, Format Version 12.00
# Visual Studio Version 17
VisualStudioVersion = 17.5.002.0
MinimumVisualStudioVersion = 10.0.40219.1
Project("{9A19103F-16F7-4668-BE54-9A1E7A4F7556}") = "Desafio1", "Desafio1.csproj", "{1811CD5B-B74B-4118-8879-A80F2D818EBA}"
EndProject
Global
	GlobalSection(SolutionConfigurationPlatforms) = preSolution
		Debug|Any CPU = Debug|Any CPU
		Release|Any CPU = Release|Any CPU
	EndGlobalSection
	GlobalSection(ProjectConfigurationPlatforms) = postSolution
		{1811CD5B-B74B-4118-8879-A80F2D818EBA}.Debug|Any CPU.ActiveCfg = Debug|Any CPU
		{1811CD5B-B74B-4118-8879-A80F2D818EBA}.Debug|Any CPU.Build.0 = Debug|Any CPU
		{1811CD5B-B74B-4118-8879-A80F2D818EBA}.Release|Any CPU.ActiveCfg = Release|Any CPU
		{1811CD5B-B74B-4118-8879-A80F2D818EBA}.Release|Any CPU.Build.0 = Release|Any CPU
	EndGlobalSection
	GlobalSection(SolutionProperties) = preSolution
		HideSolutionNode = FALSE
	EndGlobalSection
	GlobalSection(ExtensibilityGlobals) = postSolution
		SolutionGuid = {83B00F7B-33C2-4449-A5E6-8685D8CA7D2F}
	EndGlobalSection
EndGlobal
